hash: 9d3bff9954537096cc3d32eeb359d199797858ed640801eb8433e01720864d99
updated: 2017-12-12T18:01:19.755959469Z
imports:
- name: cloud.google.com/go
  version: e65dd39f5d1e67c068958d352daab6d3f9b839d0
  subpackages:
  - compute/metadata
- name: github.com/andybalholm/cascadia
  version: 349dd0209470eabd9514242c688c403c0926d266
- name: github.com/coreos/pkg
  version: 459346e834d8e97be707cd0ea1236acaaa159ffc
  subpackages:
  - flagutil
- name: github.com/cstockton/go-conv
  version: 4f5d7d0741daefda544681ef5613ff8bc2fc65c1
- name: github.com/cstockton/go-iter
  version: 353ca660c5db366129be2acc4c4c6807185474e9
- name: github.com/denisenkom/go-mssqldb
  version: 8a15d1bb0c8eaa4b870c016b312de5b50b493b4e
- name: github.com/dghubble/sling
  version: eb56e89ac5088bebb12eef3cb4b293300f43608b
- name: github.com/emirpasic/gods
  version: f6c17b524822278a87e3b3bd809fec33b51f5b46
  subpackages:
  - containers
  - lists
  - lists/arraylist
  - lists/doublylinkedlist
  - lists/singlylinkedlist
  - maps
  - maps/hashbidimap
  - maps/hashmap
  - maps/treebidimap
  - maps/treemap
  - sets
  - sets/hashset
  - sets/treeset
  - stacks
  - stacks/arraystack
  - stacks/linkedliststack
  - trees
  - trees/avltree
  - trees/binaryheap
  - trees/btree
  - trees/redblacktree
  - utils
- name: github.com/go-sql-driver/mysql
  version: 9181e3a86a19bacd63e68d43ae8b7b36320d8092
- name: github.com/golang/protobuf
  version: 1e59b77b52bf8e4b449a57e6f79f21226d571845
  subpackages:
  - proto
- name: github.com/google/go-querystring
  version: 53e6ce116135b80d037921a7fdd5138cf32d7a8a
  subpackages:
  - query
- name: github.com/gorhill/cronexpr
  version: a557574d6c024ed6e36acc8b610f5f211c91568a
- name: github.com/jinzhu/gorm
  version: 0a51f6cdc55d1650d9ed3b4c13026cfa9133b01e
  subpackages:
  - dialects/mssql
  - dialects/mysql
  - dialects/postgres
  - dialects/sqlite
- name: github.com/jinzhu/inflection
  version: 1c35d901db3da928c72a72d8458480cc9ade058f
- name: github.com/kr/fs
  version: 2788f0dbd16903de03cb8186e5c7d97b69ad387b
- name: github.com/kr/pretty
  version: cfb55aafdaf3ec08f0db22699ab822c50091b1c4
- name: github.com/kr/text
  version: 7cafcd837844e784b526369c9bce262804aebc60
- name: github.com/lib/pq
  version: 83612a56d3dd153a94a629cd64925371c9adad78
  subpackages:
  - hstore
  - oid
- name: github.com/mattn/go-sqlite3
  version: 5160b48509cf5c877bc22c11c373f8c7738cdb38
- name: github.com/pmezard/go-difflib
  version: 792786c7400a136282c1664665ae0a8db921c6c2
  subpackages:
  - difflib
- name: github.com/PuerkitoBio/goquery
  version: bc4e06eb0792d1a14661d19dd7822163c25bb6bd
- name: github.com/sirupsen/logrus
  version: d682213848ed68c0a260ca37d6dd5ace8423f5ba
- name: github.com/yuin/gopher-lua
  version: 609c9cd2697344dec90fe0543c6493e3b8da3435
  subpackages:
  - ast
  - parse
  - pm
- name: go4.org
  version: 034d17a462f7b2dcd1a4a73553ec5357ff6e6c6e
  subpackages:
  - syncutil/singleflight
- name: golang.org/x/crypto
  version: 94eea52f7b742c7cbe0b03b22f0c4c8631ece122
  subpackages:
  - acme
  - acme/autocert
  - md4
  - ssh/terminal
- name: golang.org/x/net
  version: d866cfc389cec985d6fda2859936a575a55a3ab6
  subpackages:
  - bpf
  - context
  - context/ctxhttp
  - html
  - html/atom
  - http2
  - http2/hpack
  - idna
  - internal/iana
  - internal/socket
  - internal/timeseries
  - ipv4
  - ipv6
  - lex/httplex
  - webdav/internal/xml
- name: golang.org/x/oauth2
  version: e585185218a1268736da499ab73c9a930e94a2a3
  subpackages:
  - google
  - internal
  - jws
  - jwt
- name: golang.org/x/sys
  version: 53aa286056ef226755cd898109dbcdaba8ac0b81
  subpackages:
  - unix
  - windows
- name: golang.org/x/text
  version: 3b24cac7bc3a458991ab409aa2a339ac9e0d60d6
  subpackages:
  - encoding
  - encoding/charmap
  - encoding/htmlindex
  - encoding/internal
  - encoding/internal/identifier
  - encoding/japanese
  - encoding/korean
  - encoding/simplifiedchinese
  - encoding/traditionalchinese
  - encoding/unicode
  - internal/tag
  - internal/utf8internal
  - language
  - runes
  - secure/bidirule
  - transform
  - unicode/bidi
  - unicode/norm
- name: golang.org/x/tools
  version: 64890f4e2b733655fee5077a5435a8812404c3a3
  subpackages:
  - go/vcs
- name: google.golang.org/api
  version: 916b9a3f1bca39e28e0bfae24d74a22ab6d6c036
  subpackages:
  - compute/v1
  - gensupport
  - googleapi
  - googleapi/internal/uritemplates
- name: google.golang.org/appengine
  version: 9d8544a6b2c7df9cff240fcf92d7b2f59bc13416
  subpackages:
  - cloudsql
  - internal
  - internal/app_identity
  - internal/base
  - internal/datastore
  - internal/log
  - internal/modules
  - internal/remote_api
  - internal/urlfetch
  - urlfetch
- name: gopkg.in/validator.v2
  version: 460c83432a98c35224a6fe352acf8b23e067ad06
- name: gopkg.in/yaml.v2
  version: 287cf08546ab5e7e37d55a84f7ed3fd1db036de5
testImports: []
