hash: a5e517d0f3cd9396aee1e10cf4d91d6507ed0f35dc543112fd9733cf9aa66709
updated: 2017-11-04T15:43:47.20161864Z
imports:
- name: github.com/cstockton/go-conv
  version: 4f5d7d0741daefda544681ef5613ff8bc2fc65c1
- name: github.com/dghubble/sling
  version: eb56e89ac5088bebb12eef3cb4b293300f43608b
- name: github.com/emirpasic/gods
  version: f6c17b524822278a87e3b3bd809fec33b51f5b46
  subpackages:
  - containers
  - lists
  - lists/arraylist
  - lists/doublylinkedlist
  - lists/singlylinkedlist
  - maps
  - maps/hashbidimap
  - maps/hashmap
  - maps/treebidimap
  - maps/treemap
  - sets
  - sets/hashset
  - sets/treeset
  - stacks
  - stacks/arraystack
  - stacks/linkedliststack
  - trees
  - trees/avltree
  - trees/binaryheap
  - trees/btree
  - trees/redblacktree
  - utils
- name: github.com/gorhill/cronexpr
  version: a557574d6c024ed6e36acc8b610f5f211c91568a
- name: github.com/kr/fs
  version: 2788f0dbd16903de03cb8186e5c7d97b69ad387b
- name: github.com/kr/pretty
  version: cfb55aafdaf3ec08f0db22699ab822c50091b1c4
- name: github.com/kr/text
  version: 7cafcd837844e784b526369c9bce262804aebc60
- name: github.com/olebedev/emitter
  version: a2d0ac57818e424e0bd310667ffcca8b47d69cfb
- name: github.com/pmezard/go-difflib
  version: 792786c7400a136282c1664665ae0a8db921c6c2
  subpackages:
  - difflib
- name: github.com/Shopify/go-lua
  version: 88a6f168eee0ba102d7d20c5281056a5dd3d7550
- name: github.com/sirupsen/logrus
  version: 89742aefa4b206dcf400792f3bd35b542998eb3b
- name: golang.org/x/crypto
  version: 9419663f5a44be8b34ca85f08abc5fe1be11f8a3
  subpackages:
  - ssh/terminal
- name: golang.org/x/sys
  version: 686000749eaec0b8855b8eef5336cf63899fe51d
  subpackages:
  - unix
  - windows
- name: golang.org/x/tools
  version: 032dfd515a0b058cc9bc616139b136f923d3924a
  subpackages:
  - go/vcs
- name: gopkg.in/validator.v2
  version: 460c83432a98c35224a6fe352acf8b23e067ad06
- name: gopkg.in/yaml.v2
  version: eb3733d160e74a9c7e442f435eb3bea458e1d19f
testImports:
- name: github.com/cstockton/go-iter
  version: 353ca660c5db366129be2acc4c4c6807185474e9
