hash: 5e72954e33485c048ddbbfb8c16a1dbddd1dd7a89f49e838a1f09a9d878cc076
updated: 2017-10-22T09:03:47.586047241Z
imports:
- name: github.com/cstockton/go-conv
  version: 4f5d7d0741daefda544681ef5613ff8bc2fc65c1
- name: github.com/emirpasic/gods
  version: f6c17b524822278a87e3b3bd809fec33b51f5b46
  subpackages:
  - containers
  - lists
  - lists/arraylist
  - maps/treemap
  - trees
  - trees/binaryheap
  - utils
- name: github.com/kr/fs
  version: 2788f0dbd16903de03cb8186e5c7d97b69ad387b
- name: github.com/kr/pretty
  version: cfb55aafdaf3ec08f0db22699ab822c50091b1c4
- name: github.com/kr/text
  version: 7cafcd837844e784b526369c9bce262804aebc60
- name: github.com/pmezard/go-difflib
  version: 792786c7400a136282c1664665ae0a8db921c6c2
  subpackages:
  - difflib
- name: github.com/sirupsen/logrus
  version: 89742aefa4b206dcf400792f3bd35b542998eb3b
- name: golang.org/x/crypto
  version: 9419663f5a44be8b34ca85f08abc5fe1be11f8a3
  subpackages:
  - ssh/terminal
- name: golang.org/x/sys
  version: 686000749eaec0b8855b8eef5336cf63899fe51d
  subpackages:
  - unix
  - windows
- name: golang.org/x/tools
  version: 9bd2f442688b66c5289262d70f537c2ecf81d7de
  subpackages:
  - go/vcs
- name: gopkg.in/yaml.v2
  version: eb3733d160e74a9c7e442f435eb3bea458e1d19f
testImports:
- name: github.com/cstockton/go-iter
  version: 353ca660c5db366129be2acc4c4c6807185474e9
